// !$*UTF8*$!
{
	archiveVersion = 1;
	classes = {
	};
	objectVersion = 52;
	objects = {

/* Begin PBXBuildFile section */
		3045FC3926A8E5080043502B /* ChatManager.swift in Sources */ = {isa = PBXBuildFile; fileRef = 3045FC3826A8E5080043502B /* ChatManager.swift */; };
		3045FC3A26A8E5080043502B /* ChatManager.swift in Sources */ = {isa = PBXBuildFile; fileRef = 3045FC3826A8E5080043502B /* ChatManager.swift */; };
		3045FC3B26A8E6A00043502B /* CoreDataContainer.swift in Sources */ = {isa = PBXBuildFile; fileRef = 307384B626A8D91B00EF1FC1 /* CoreDataContainer.swift */; };
		304C122126A7612F00977196 /* Message+CoreDataClass.swift in Sources */ = {isa = PBXBuildFile; fileRef = 304C121D26A7612F00977196 /* Message+CoreDataClass.swift */; };
		304C122226A7612F00977196 /* Message+CoreDataClass.swift in Sources */ = {isa = PBXBuildFile; fileRef = 304C121D26A7612F00977196 /* Message+CoreDataClass.swift */; };
		304C122326A7612F00977196 /* Message+CoreDataProperties.swift in Sources */ = {isa = PBXBuildFile; fileRef = 304C121E26A7612F00977196 /* Message+CoreDataProperties.swift */; };
		304C122426A7612F00977196 /* Message+CoreDataProperties.swift in Sources */ = {isa = PBXBuildFile; fileRef = 304C121E26A7612F00977196 /* Message+CoreDataProperties.swift */; };
		306589BC267554B200708E73 /* AppDelegate.swift in Sources */ = {isa = PBXBuildFile; fileRef = 306589BB267554B200708E73 /* AppDelegate.swift */; };
		306589BE267554B200708E73 /* SceneDelegate.swift in Sources */ = {isa = PBXBuildFile; fileRef = 306589BD267554B200708E73 /* SceneDelegate.swift */; };
		306589C0267554B200708E73 /* ViewController.swift in Sources */ = {isa = PBXBuildFile; fileRef = 306589BF267554B200708E73 /* ViewController.swift */; };
		306589C3267554B200708E73 /* Main.storyboard in Resources */ = {isa = PBXBuildFile; fileRef = 306589C1267554B200708E73 /* Main.storyboard */; };
		306589C5267554B300708E73 /* Assets.xcassets in Resources */ = {isa = PBXBuildFile; fileRef = 306589C4267554B300708E73 /* Assets.xcassets */; };
		306589C8267554B300708E73 /* LaunchScreen.storyboard in Resources */ = {isa = PBXBuildFile; fileRef = 306589C6267554B300708E73 /* LaunchScreen.storyboard */; };
		306589D62675556400708E73 /* KeyboardViewController.swift in Sources */ = {isa = PBXBuildFile; fileRef = 306589D52675556400708E73 /* KeyboardViewController.swift */; };
		306589DA2675556400708E73 /* Keyboard.appex in Embed App Extensions */ = {isa = PBXBuildFile; fileRef = 306589D32675556400708E73 /* Keyboard.appex */; settings = {ATTRIBUTES = (RemoveHeadersOnCopy, ); }; };
		307384B726A8D91B00EF1FC1 /* CoreDataContainer.swift in Sources */ = {isa = PBXBuildFile; fileRef = 307384B626A8D91B00EF1FC1 /* CoreDataContainer.swift */; };
		30B1075F267DAB13002868E3 /* MessageKit in Frameworks */ = {isa = PBXBuildFile; productRef = 30B1075E267DAB13002868E3 /* MessageKit */; };
		30B72B80269022AC003B4256 /* Seal.swift in Sources */ = {isa = PBXBuildFile; fileRef = 30B72B7E269022AC003B4256 /* Seal.swift */; };
		30B72B81269023CE003B4256 /* Seal.swift in Sources */ = {isa = PBXBuildFile; fileRef = 30B72B7E269022AC003B4256 /* Seal.swift */; };
		30C0D6C426796024002433D7 /* Keys.swift in Sources */ = {isa = PBXBuildFile; fileRef = 30C0D6C326796024002433D7 /* Keys.swift */; };
		30C0D6C526796024002433D7 /* Keys.swift in Sources */ = {isa = PBXBuildFile; fileRef = 30C0D6C326796024002433D7 /* Keys.swift */; };
		30C78EAD26967705008925A4 /* Seal.xcdatamodeld in Sources */ = {isa = PBXBuildFile; fileRef = 30C78EAB26967705008925A4 /* Seal.xcdatamodeld */; };
		30C78EAE26967705008925A4 /* Seal.xcdatamodeld in Sources */ = {isa = PBXBuildFile; fileRef = 30C78EAB26967705008925A4 /* Seal.xcdatamodeld */; };
		30C78EB626967E6B008925A4 /* NSMessageSender.swift in Sources */ = {isa = PBXBuildFile; fileRef = 30C78EB526967E6B008925A4 /* NSMessageSender.swift */; };
		30C78EB726967E6B008925A4 /* NSMessageSender.swift in Sources */ = {isa = PBXBuildFile; fileRef = 30C78EB526967E6B008925A4 /* NSMessageSender.swift */; };
		30C78EB926979C2D008925A4 /* NSMessageKind.swift in Sources */ = {isa = PBXBuildFile; fileRef = 30C78EB826979C2D008925A4 /* NSMessageKind.swift */; };
		30C78EBA26979C2D008925A4 /* NSMessageKind.swift in Sources */ = {isa = PBXBuildFile; fileRef = 30C78EB826979C2D008925A4 /* NSMessageKind.swift */; };
		30C78EBC2697A700008925A4 /* MessageKindTransformer.swift in Sources */ = {isa = PBXBuildFile; fileRef = 30C78EBB2697A700008925A4 /* MessageKindTransformer.swift */; };
		30C78EBD2697A700008925A4 /* MessageKindTransformer.swift in Sources */ = {isa = PBXBuildFile; fileRef = 30C78EBB2697A700008925A4 /* MessageKindTransformer.swift */; };
		30C78EBF2697B6CE008925A4 /* MessageSenderTransformer.swift in Sources */ = {isa = PBXBuildFile; fileRef = 30C78EBE2697B6CE008925A4 /* MessageSenderTransformer.swift */; };
		30C78EC02697B6CE008925A4 /* MessageSenderTransformer.swift in Sources */ = {isa = PBXBuildFile; fileRef = 30C78EBE2697B6CE008925A4 /* MessageSenderTransformer.swift */; };
		30CDACEE2682C5B2005070D1 /* Constants.swift in Sources */ = {isa = PBXBuildFile; fileRef = 30CDACED2682C5B2005070D1 /* Constants.swift */; };
		30D4DF832676AA1F00CF9DE5 /* Assets.xcassets in Resources */ = {isa = PBXBuildFile; fileRef = 306589C4267554B300708E73 /* Assets.xcassets */; };
		30DD502226AF945D00B0B16F /* SealMessageKind.swift in Sources */ = {isa = PBXBuildFile; fileRef = 30DD502126AF945D00B0B16F /* SealMessageKind.swift */; };
		30DD502326AF948400B0B16F /* SealMessageKind.swift in Sources */ = {isa = PBXBuildFile; fileRef = 30DD502126AF945D00B0B16F /* SealMessageKind.swift */; };
		30DD503026B09CEC00B0B16F /* Constants.swift in Sources */ = {isa = PBXBuildFile; fileRef = 30CDACED2682C5B2005070D1 /* Constants.swift */; };
		30DD503126B09D8600B0B16F /* MessageCellLongPressMenuViewController.swift in Sources */ = {isa = PBXBuildFile; fileRef = 30E23BAF26AB99BB006895C7 /* MessageCellLongPressMenuViewController.swift */; };
		30DD503226B09D8800B0B16F /* ChatSelectionPopoverViewController.swift in Sources */ = {isa = PBXBuildFile; fileRef = 30E2425F26A6020100A1D831 /* ChatSelectionPopoverViewController.swift */; };
		30DD503326B09D8B00B0B16F /* ChatViewController.swift in Sources */ = {isa = PBXBuildFile; fileRef = 30DE0159269385750093EC65 /* ChatViewController.swift */; };
		30DD503426B09D8D00B0B16F /* DetailViewController.swift in Sources */ = {isa = PBXBuildFile; fileRef = 30DE015B2693AD6B0093EC65 /* DetailViewController.swift */; };
		30DD503526B09D9000B0B16F /* TypingViewController.swift in Sources */ = {isa = PBXBuildFile; fileRef = 30DE0157269385610093EC65 /* TypingViewController.swift */; };
		30DD503626B09D9200B0B16F /* KeyboardViewController.swift in Sources */ = {isa = PBXBuildFile; fileRef = 306589D52675556400708E73 /* KeyboardViewController.swift */; };
		30DD503726B09D9E00B0B16F /* KeyboardButton.swift in Sources */ = {isa = PBXBuildFile; fileRef = 30DF7A172687B58400990C1A /* KeyboardButton.swift */; };
		30DD503926B0A74500B0B16F /* SealMessage.swift in Sources */ = {isa = PBXBuildFile; fileRef = 30DD503826B0A74500B0B16F /* SealMessage.swift */; };
		30DD503A26B0A74500B0B16F /* SealMessage.swift in Sources */ = {isa = PBXBuildFile; fileRef = 30DD503826B0A74500B0B16F /* SealMessage.swift */; };
		30DD503C26B0E90800B0B16F /* SealMessageKind+Codable.swift in Sources */ = {isa = PBXBuildFile; fileRef = 30DD503B26B0E90800B0B16F /* SealMessageKind+Codable.swift */; };
		30DD503D26B0E90800B0B16F /* SealMessageKind+Codable.swift in Sources */ = {isa = PBXBuildFile; fileRef = 30DD503B26B0E90800B0B16F /* SealMessageKind+Codable.swift */; };
		30DE0158269385610093EC65 /* TypingViewController.swift in Sources */ = {isa = PBXBuildFile; fileRef = 30DE0157269385610093EC65 /* TypingViewController.swift */; };
		30DE015A269385750093EC65 /* ChatViewController.swift in Sources */ = {isa = PBXBuildFile; fileRef = 30DE0159269385750093EC65 /* ChatViewController.swift */; };
		30DE015C2693AD6B0093EC65 /* DetailViewController.swift in Sources */ = {isa = PBXBuildFile; fileRef = 30DE015B2693AD6B0093EC65 /* DetailViewController.swift */; };
		30DF7A182687B58400990C1A /* KeyboardButton.swift in Sources */ = {isa = PBXBuildFile; fileRef = 30DF7A172687B58400990C1A /* KeyboardButton.swift */; };
		30E14778269174B600004D61 /* MessageKit in Frameworks */ = {isa = PBXBuildFile; productRef = 30E14777269174B600004D61 /* MessageKit */; };
		30E23BB126AB99BB006895C7 /* MessageCellLongPressMenuViewController.swift in Sources */ = {isa = PBXBuildFile; fileRef = 30E23BAF26AB99BB006895C7 /* MessageCellLongPressMenuViewController.swift */; };
		30E2426026A6020100A1D831 /* ChatSelectionPopoverViewController.swift in Sources */ = {isa = PBXBuildFile; fileRef = 30E2425F26A6020100A1D831 /* ChatSelectionPopoverViewController.swift */; };
		30E690B826BCD61D00C6F123 /* ClearMessagesPopoverViewController.swift in Sources */ = {isa = PBXBuildFile; fileRef = 30E690B726BCD61D00C6F123 /* ClearMessagesPopoverViewController.swift */; };
		30E690B926BCD7DA00C6F123 /* ClearMessagesPopoverViewController.swift in Sources */ = {isa = PBXBuildFile; fileRef = 30E690B726BCD61D00C6F123 /* ClearMessagesPopoverViewController.swift */; };
		30E6C2B226A75F4C005126C8 /* Chat+CoreDataClass.swift in Sources */ = {isa = PBXBuildFile; fileRef = 30E6C2AE26A75F4C005126C8 /* Chat+CoreDataClass.swift */; };
		30E6C2B326A75F4C005126C8 /* Chat+CoreDataClass.swift in Sources */ = {isa = PBXBuildFile; fileRef = 30E6C2AE26A75F4C005126C8 /* Chat+CoreDataClass.swift */; };
		30E6C2B426A75F4C005126C8 /* Chat+CoreDataProperties.swift in Sources */ = {isa = PBXBuildFile; fileRef = 30E6C2AF26A75F4C005126C8 /* Chat+CoreDataProperties.swift */; };
		30E6C2B526A75F4C005126C8 /* Chat+CoreDataProperties.swift in Sources */ = {isa = PBXBuildFile; fileRef = 30E6C2AF26A75F4C005126C8 /* Chat+CoreDataProperties.swift */; };
		30EB1ED026C4A4090091040F /* NameChangeViewController.swift in Sources */ = {isa = PBXBuildFile; fileRef = 30EB1ECF26C4A4090091040F /* NameChangeViewController.swift */; };
		30EFC19B267B278F00EF65E8 /* KeyStoreError.swift in Sources */ = {isa = PBXBuildFile; fileRef = 30EFC196267B278F00EF65E8 /* KeyStoreError.swift */; };
		30EFC19C267B278F00EF65E8 /* KeyStoreError.swift in Sources */ = {isa = PBXBuildFile; fileRef = 30EFC196267B278F00EF65E8 /* KeyStoreError.swift */; };
		30EFC19D267B278F00EF65E8 /* GenericPasswordStore.swift in Sources */ = {isa = PBXBuildFile; fileRef = 30EFC197267B278F00EF65E8 /* GenericPasswordStore.swift */; };
		30EFC19E267B278F00EF65E8 /* GenericPasswordStore.swift in Sources */ = {isa = PBXBuildFile; fileRef = 30EFC197267B278F00EF65E8 /* GenericPasswordStore.swift */; };
		30EFC19F267B278F00EF65E8 /* GenericPasswordConvertible.swift in Sources */ = {isa = PBXBuildFile; fileRef = 30EFC198267B278F00EF65E8 /* GenericPasswordConvertible.swift */; };
		30EFC1A0267B278F00EF65E8 /* GenericPasswordConvertible.swift in Sources */ = {isa = PBXBuildFile; fileRef = 30EFC198267B278F00EF65E8 /* GenericPasswordConvertible.swift */; };
		30EFC1A1267B278F00EF65E8 /* SecKeyConvertible.swift in Sources */ = {isa = PBXBuildFile; fileRef = 30EFC199267B278F00EF65E8 /* SecKeyConvertible.swift */; };
		30EFC1A2267B278F00EF65E8 /* SecKeyConvertible.swift in Sources */ = {isa = PBXBuildFile; fileRef = 30EFC199267B278F00EF65E8 /* SecKeyConvertible.swift */; };
		30EFC1A3267B278F00EF65E8 /* SecKeyStore.swift in Sources */ = {isa = PBXBuildFile; fileRef = 30EFC19A267B278F00EF65E8 /* SecKeyStore.swift */; };
		30EFC1A4267B278F00EF65E8 /* SecKeyStore.swift in Sources */ = {isa = PBXBuildFile; fileRef = 30EFC19A267B278F00EF65E8 /* SecKeyStore.swift */; };
		30EFC1A7267B27A100EF65E8 /* LICENSE.txt in Resources */ = {isa = PBXBuildFile; fileRef = 30EFC1A6267B27A100EF65E8 /* LICENSE.txt */; };
		30EFC1A8267B27A100EF65E8 /* LICENSE.txt in Resources */ = {isa = PBXBuildFile; fileRef = 30EFC1A6267B27A100EF65E8 /* LICENSE.txt */; };
/* End PBXBuildFile section */

/* Begin PBXContainerItemProxy section */
		306589D82675556400708E73 /* PBXContainerItemProxy */ = {
			isa = PBXContainerItemProxy;
			containerPortal = 306589B0267554B200708E73 /* Project object */;
			proxyType = 1;
			remoteGlobalIDString = 306589D22675556400708E73;
			remoteInfo = Keyboard;
		};
/* End PBXContainerItemProxy section */

/* Begin PBXCopyFilesBuildPhase section */
		306589DE2675556400708E73 /* Embed App Extensions */ = {
			isa = PBXCopyFilesBuildPhase;
			buildActionMask = 2147483647;
			dstPath = "";
			dstSubfolderSpec = 13;
			files = (
				306589DA2675556400708E73 /* Keyboard.appex in Embed App Extensions */,
			);
			name = "Embed App Extensions";
			runOnlyForDeploymentPostprocessing = 0;
		};
		3082A83026774AE500057489 /* Embed Frameworks */ = {
			isa = PBXCopyFilesBuildPhase;
			buildActionMask = 2147483647;
			dstPath = "";
			dstSubfolderSpec = 10;
			files = (
			);
			name = "Embed Frameworks";
			runOnlyForDeploymentPostprocessing = 0;
		};
		3082A83326774B0C00057489 /* Embed Frameworks */ = {
			isa = PBXCopyFilesBuildPhase;
			buildActionMask = 2147483647;
			dstPath = "";
			dstSubfolderSpec = 10;
			files = (
			);
			name = "Embed Frameworks";
			runOnlyForDeploymentPostprocessing = 0;
		};
/* End PBXCopyFilesBuildPhase section */

/* Begin PBXFileReference section */
		3045FC3826A8E5080043502B /* ChatManager.swift */ = {isa = PBXFileReference; fileEncoding = 4; lastKnownFileType = sourcecode.swift; path = ChatManager.swift; sourceTree = "<group>"; };
		304C121D26A7612F00977196 /* Message+CoreDataClass.swift */ = {isa = PBXFileReference; lastKnownFileType = sourcecode.swift; path = "Message+CoreDataClass.swift"; sourceTree = "<group>"; };
		304C121E26A7612F00977196 /* Message+CoreDataProperties.swift */ = {isa = PBXFileReference; lastKnownFileType = sourcecode.swift; path = "Message+CoreDataProperties.swift"; sourceTree = "<group>"; };
		306589B8267554B200708E73 /* Seal.app */ = {isa = PBXFileReference; explicitFileType = wrapper.application; includeInIndex = 0; path = Seal.app; sourceTree = BUILT_PRODUCTS_DIR; };
		306589BB267554B200708E73 /* AppDelegate.swift */ = {isa = PBXFileReference; lastKnownFileType = sourcecode.swift; path = AppDelegate.swift; sourceTree = "<group>"; };
		306589BD267554B200708E73 /* SceneDelegate.swift */ = {isa = PBXFileReference; lastKnownFileType = sourcecode.swift; path = SceneDelegate.swift; sourceTree = "<group>"; };
		306589BF267554B200708E73 /* ViewController.swift */ = {isa = PBXFileReference; lastKnownFileType = sourcecode.swift; path = ViewController.swift; sourceTree = "<group>"; };
		306589C2267554B200708E73 /* Base */ = {isa = PBXFileReference; lastKnownFileType = file.storyboard; name = Base; path = Base.lproj/Main.storyboard; sourceTree = "<group>"; };
		306589C4267554B300708E73 /* Assets.xcassets */ = {isa = PBXFileReference; lastKnownFileType = folder.assetcatalog; path = Assets.xcassets; sourceTree = "<group>"; };
		306589C7267554B300708E73 /* Base */ = {isa = PBXFileReference; lastKnownFileType = file.storyboard; name = Base; path = Base.lproj/LaunchScreen.storyboard; sourceTree = "<group>"; };
		306589C9267554B300708E73 /* Info.plist */ = {isa = PBXFileReference; lastKnownFileType = text.plist.xml; path = Info.plist; sourceTree = "<group>"; };
		306589D32675556400708E73 /* Keyboard.appex */ = {isa = PBXFileReference; explicitFileType = "wrapper.app-extension"; includeInIndex = 0; path = Keyboard.appex; sourceTree = BUILT_PRODUCTS_DIR; };
		306589D52675556400708E73 /* KeyboardViewController.swift */ = {isa = PBXFileReference; lastKnownFileType = sourcecode.swift; path = KeyboardViewController.swift; sourceTree = "<group>"; };
		306589D72675556400708E73 /* Info.plist */ = {isa = PBXFileReference; lastKnownFileType = text.plist.xml; path = Info.plist; sourceTree = "<group>"; };
		307384B626A8D91B00EF1FC1 /* CoreDataContainer.swift */ = {isa = PBXFileReference; lastKnownFileType = sourcecode.swift; path = CoreDataContainer.swift; sourceTree = "<group>"; };
		30B72B7E269022AC003B4256 /* Seal.swift */ = {isa = PBXFileReference; fileEncoding = 4; lastKnownFileType = sourcecode.swift; path = Seal.swift; sourceTree = "<group>"; };
		30C0D6C326796024002433D7 /* Keys.swift */ = {isa = PBXFileReference; lastKnownFileType = sourcecode.swift; path = Keys.swift; sourceTree = "<group>"; };
		30C78EAC26967705008925A4 /* Seal.xcdatamodel */ = {isa = PBXFileReference; lastKnownFileType = wrapper.xcdatamodel; path = Seal.xcdatamodel; sourceTree = "<group>"; };
		30C78EB526967E6B008925A4 /* NSMessageSender.swift */ = {isa = PBXFileReference; lastKnownFileType = sourcecode.swift; path = NSMessageSender.swift; sourceTree = "<group>"; };
		30C78EB826979C2D008925A4 /* NSMessageKind.swift */ = {isa = PBXFileReference; lastKnownFileType = sourcecode.swift; path = NSMessageKind.swift; sourceTree = "<group>"; };
		30C78EBB2697A700008925A4 /* MessageKindTransformer.swift */ = {isa = PBXFileReference; lastKnownFileType = sourcecode.swift; path = MessageKindTransformer.swift; sourceTree = "<group>"; };
		30C78EBE2697B6CE008925A4 /* MessageSenderTransformer.swift */ = {isa = PBXFileReference; lastKnownFileType = sourcecode.swift; path = MessageSenderTransformer.swift; sourceTree = "<group>"; };
		30CDACED2682C5B2005070D1 /* Constants.swift */ = {isa = PBXFileReference; lastKnownFileType = sourcecode.swift; path = Constants.swift; sourceTree = "<group>"; };
		30DD502126AF945D00B0B16F /* SealMessageKind.swift */ = {isa = PBXFileReference; lastKnownFileType = sourcecode.swift; path = SealMessageKind.swift; sourceTree = "<group>"; };
		30DD503826B0A74500B0B16F /* SealMessage.swift */ = {isa = PBXFileReference; lastKnownFileType = sourcecode.swift; path = SealMessage.swift; sourceTree = "<group>"; };
		30DD503B26B0E90800B0B16F /* SealMessageKind+Codable.swift */ = {isa = PBXFileReference; lastKnownFileType = sourcecode.swift; path = "SealMessageKind+Codable.swift"; sourceTree = "<group>"; };
		30DE0157269385610093EC65 /* TypingViewController.swift */ = {isa = PBXFileReference; fileEncoding = 4; lastKnownFileType = sourcecode.swift; path = TypingViewController.swift; sourceTree = "<group>"; };
		30DE0159269385750093EC65 /* ChatViewController.swift */ = {isa = PBXFileReference; fileEncoding = 4; lastKnownFileType = sourcecode.swift; path = ChatViewController.swift; sourceTree = "<group>"; };
		30DE015B2693AD6B0093EC65 /* DetailViewController.swift */ = {isa = PBXFileReference; lastKnownFileType = sourcecode.swift; path = DetailViewController.swift; sourceTree = "<group>"; };
		30DF7A172687B58400990C1A /* KeyboardButton.swift */ = {isa = PBXFileReference; lastKnownFileType = sourcecode.swift; path = KeyboardButton.swift; sourceTree = "<group>"; };
		30E23BAF26AB99BB006895C7 /* MessageCellLongPressMenuViewController.swift */ = {isa = PBXFileReference; lastKnownFileType = sourcecode.swift; path = MessageCellLongPressMenuViewController.swift; sourceTree = "<group>"; };
		30E2425F26A6020100A1D831 /* ChatSelectionPopoverViewController.swift */ = {isa = PBXFileReference; lastKnownFileType = sourcecode.swift; path = ChatSelectionPopoverViewController.swift; sourceTree = "<group>"; };
		30E690B726BCD61D00C6F123 /* ClearMessagesPopoverViewController.swift */ = {isa = PBXFileReference; lastKnownFileType = sourcecode.swift; path = ClearMessagesPopoverViewController.swift; sourceTree = "<group>"; };
		30E6C2AE26A75F4C005126C8 /* Chat+CoreDataClass.swift */ = {isa = PBXFileReference; lastKnownFileType = sourcecode.swift; path = "Chat+CoreDataClass.swift"; sourceTree = "<group>"; };
		30E6C2AF26A75F4C005126C8 /* Chat+CoreDataProperties.swift */ = {isa = PBXFileReference; lastKnownFileType = sourcecode.swift; path = "Chat+CoreDataProperties.swift"; sourceTree = "<group>"; };
		30EB1ECF26C4A4090091040F /* NameChangeViewController.swift */ = {isa = PBXFileReference; lastKnownFileType = sourcecode.swift; path = NameChangeViewController.swift; sourceTree = "<group>"; };
		30EFC196267B278F00EF65E8 /* KeyStoreError.swift */ = {isa = PBXFileReference; fileEncoding = 4; lastKnownFileType = sourcecode.swift; path = KeyStoreError.swift; sourceTree = "<group>"; };
		30EFC197267B278F00EF65E8 /* GenericPasswordStore.swift */ = {isa = PBXFileReference; fileEncoding = 4; lastKnownFileType = sourcecode.swift; path = GenericPasswordStore.swift; sourceTree = "<group>"; };
		30EFC198267B278F00EF65E8 /* GenericPasswordConvertible.swift */ = {isa = PBXFileReference; fileEncoding = 4; lastKnownFileType = sourcecode.swift; path = GenericPasswordConvertible.swift; sourceTree = "<group>"; };
		30EFC199267B278F00EF65E8 /* SecKeyConvertible.swift */ = {isa = PBXFileReference; fileEncoding = 4; lastKnownFileType = sourcecode.swift; path = SecKeyConvertible.swift; sourceTree = "<group>"; };
		30EFC19A267B278F00EF65E8 /* SecKeyStore.swift */ = {isa = PBXFileReference; fileEncoding = 4; lastKnownFileType = sourcecode.swift; path = SecKeyStore.swift; sourceTree = "<group>"; };
		30EFC1A6267B27A100EF65E8 /* LICENSE.txt */ = {isa = PBXFileReference; fileEncoding = 4; lastKnownFileType = text; path = LICENSE.txt; sourceTree = "<group>"; };
/* End PBXFileReference section */

/* Begin PBXFrameworksBuildPhase section */
		306589B5267554B200708E73 /* Frameworks */ = {
			isa = PBXFrameworksBuildPhase;
			buildActionMask = 2147483647;
			files = (
				30E14778269174B600004D61 /* MessageKit in Frameworks */,
			);
			runOnlyForDeploymentPostprocessing = 0;
		};
		306589D02675556400708E73 /* Frameworks */ = {
			isa = PBXFrameworksBuildPhase;
			buildActionMask = 2147483647;
			files = (
				30B1075F267DAB13002868E3 /* MessageKit in Frameworks */,
			);
			runOnlyForDeploymentPostprocessing = 0;
		};
/* End PBXFrameworksBuildPhase section */

/* Begin PBXGroup section */
		306589AF267554B200708E73 = {
			isa = PBXGroup;
			children = (
				30C78EAB26967705008925A4 /* Seal.xcdatamodeld */,
				306589BA267554B200708E73 /* HostApp */,
				306589D42675556400708E73 /* Keyboard */,
				30EFC1A5267B27A100EF65E8 /* LICENSE */,
				306589B9267554B200708E73 /* Products */,
				30C0D6BC2677512E002433D7 /* Frameworks */,
			);
			sourceTree = "<group>";
		};
		306589B9267554B200708E73 /* Products */ = {
			isa = PBXGroup;
			children = (
				306589B8267554B200708E73 /* Seal.app */,
				306589D32675556400708E73 /* Keyboard.appex */,
			);
			name = Products;
			sourceTree = "<group>";
		};
		306589BA267554B200708E73 /* HostApp */ = {
			isa = PBXGroup;
			children = (
				306589BB267554B200708E73 /* AppDelegate.swift */,
				306589BD267554B200708E73 /* SceneDelegate.swift */,
				306589BF267554B200708E73 /* ViewController.swift */,
				306589C1267554B200708E73 /* Main.storyboard */,
				306589C4267554B300708E73 /* Assets.xcassets */,
				306589C6267554B300708E73 /* LaunchScreen.storyboard */,
				306589C9267554B300708E73 /* Info.plist */,
				30EB1ECF26C4A4090091040F /* NameChangeViewController.swift */,
			);
			path = HostApp;
			sourceTree = "<group>";
		};
		306589D42675556400708E73 /* Keyboard */ = {
			isa = PBXGroup;
			children = (
				30C78EA826967339008925A4 /* Models */,
				30DBD8BA2694E8DE00D8637D /* ViewControllers */,
				30DBD8B92694E8C400D8637D /* Views */,
				306589D72675556400708E73 /* Info.plist */,
			);
			path = Keyboard;
			sourceTree = "<group>";
		};
		30C0D6BC2677512E002433D7 /* Frameworks */ = {
			isa = PBXGroup;
			children = (
			);
			name = Frameworks;
			sourceTree = "<group>";
		};
		30C78EA826967339008925A4 /* Models */ = {
			isa = PBXGroup;
			children = (
				30CDACED2682C5B2005070D1 /* Constants.swift */,
				30EFC1A9267C023300EF65E8 /* Cryptography */,
				30EFC195267B278F00EF65E8 /* KeychainStorage */,
				30C78EC12697B75D008925A4 /* Messages */,
				30DD501E26AF937500B0B16F /* MessageParsing */,
			);
			path = Models;
			sourceTree = "<group>";
		};
		30C78EC12697B75D008925A4 /* Messages */ = {
			isa = PBXGroup;
			children = (
				3045FC3826A8E5080043502B /* ChatManager.swift */,
				307384B626A8D91B00EF1FC1 /* CoreDataContainer.swift */,
				30E6C2AE26A75F4C005126C8 /* Chat+CoreDataClass.swift */,
				30E6C2AF26A75F4C005126C8 /* Chat+CoreDataProperties.swift */,
				304C121D26A7612F00977196 /* Message+CoreDataClass.swift */,
				304C121E26A7612F00977196 /* Message+CoreDataProperties.swift */,
				30C78EB526967E6B008925A4 /* NSMessageSender.swift */,
				30C78EB826979C2D008925A4 /* NSMessageKind.swift */,
				30C78EBB2697A700008925A4 /* MessageKindTransformer.swift */,
				30C78EBE2697B6CE008925A4 /* MessageSenderTransformer.swift */,
			);
			path = Messages;
			sourceTree = "<group>";
		};
		30DBD8B92694E8C400D8637D /* Views */ = {
			isa = PBXGroup;
			children = (
				30DF7A172687B58400990C1A /* KeyboardButton.swift */,
			);
			path = Views;
			sourceTree = "<group>";
		};
		30DBD8BA2694E8DE00D8637D /* ViewControllers */ = {
			isa = PBXGroup;
			children = (
				306589D52675556400708E73 /* KeyboardViewController.swift */,
				30DE0157269385610093EC65 /* TypingViewController.swift */,
				30DE015B2693AD6B0093EC65 /* DetailViewController.swift */,
				30DE0159269385750093EC65 /* ChatViewController.swift */,
				30E2425F26A6020100A1D831 /* ChatSelectionPopoverViewController.swift */,
				30E23BAF26AB99BB006895C7 /* MessageCellLongPressMenuViewController.swift */,
				30E690B726BCD61D00C6F123 /* ClearMessagesPopoverViewController.swift */,
			);
			path = ViewControllers;
			sourceTree = "<group>";
		};
		30DD501E26AF937500B0B16F /* MessageParsing */ = {
			isa = PBXGroup;
			children = (
				30DD503826B0A74500B0B16F /* SealMessage.swift */,
				30DD502126AF945D00B0B16F /* SealMessageKind.swift */,
				30DD503B26B0E90800B0B16F /* SealMessageKind+Codable.swift */,
			);
			path = MessageParsing;
			sourceTree = "<group>";
		};
		30EFC195267B278F00EF65E8 /* KeychainStorage */ = {
			isa = PBXGroup;
			children = (
				30EFC196267B278F00EF65E8 /* KeyStoreError.swift */,
				30EFC197267B278F00EF65E8 /* GenericPasswordStore.swift */,
				30EFC198267B278F00EF65E8 /* GenericPasswordConvertible.swift */,
				30EFC199267B278F00EF65E8 /* SecKeyConvertible.swift */,
				30EFC19A267B278F00EF65E8 /* SecKeyStore.swift */,
			);
			path = KeychainStorage;
			sourceTree = "<group>";
		};
		30EFC1A5267B27A100EF65E8 /* LICENSE */ = {
			isa = PBXGroup;
			children = (
				30EFC1A6267B27A100EF65E8 /* LICENSE.txt */,
			);
			path = LICENSE;
			sourceTree = "<group>";
		};
		30EFC1A9267C023300EF65E8 /* Cryptography */ = {
			isa = PBXGroup;
			children = (
				30B72B7E269022AC003B4256 /* Seal.swift */,
				30C0D6C326796024002433D7 /* Keys.swift */,
			);
			path = Cryptography;
			sourceTree = "<group>";
		};
/* End PBXGroup section */

/* Begin PBXNativeTarget section */
		306589B7267554B200708E73 /* Seal */ = {
			isa = PBXNativeTarget;
			buildConfigurationList = 306589CC267554B300708E73 /* Build configuration list for PBXNativeTarget "Seal" */;
			buildPhases = (
				306589B4267554B200708E73 /* Sources */,
				306589B5267554B200708E73 /* Frameworks */,
				306589B6267554B200708E73 /* Resources */,
				306589DE2675556400708E73 /* Embed App Extensions */,
				3082A83326774B0C00057489 /* Embed Frameworks */,
			);
			buildRules = (
			);
			dependencies = (
				306589D92675556400708E73 /* PBXTargetDependency */,
			);
			name = Seal;
			packageProductDependencies = (
				30E14777269174B600004D61 /* MessageKit */,
			);
			productName = Seal;
			productReference = 306589B8267554B200708E73 /* Seal.app */;
			productType = "com.apple.product-type.application";
		};
		306589D22675556400708E73 /* Keyboard */ = {
			isa = PBXNativeTarget;
			buildConfigurationList = 306589DB2675556400708E73 /* Build configuration list for PBXNativeTarget "Keyboard" */;
			buildPhases = (
				306589CF2675556400708E73 /* Sources */,
				306589D02675556400708E73 /* Frameworks */,
				306589D12675556400708E73 /* Resources */,
				3082A83026774AE500057489 /* Embed Frameworks */,
			);
			buildRules = (
			);
			dependencies = (
			);
			name = Keyboard;
			packageProductDependencies = (
				30B1075E267DAB13002868E3 /* MessageKit */,
			);
			productName = Keyboard;
			productReference = 306589D32675556400708E73 /* Keyboard.appex */;
			productType = "com.apple.product-type.app-extension";
		};
/* End PBXNativeTarget section */

/* Begin PBXProject section */
		306589B0267554B200708E73 /* Project object */ = {
			isa = PBXProject;
			attributes = {
				LastSwiftUpdateCheck = 1250;
				LastUpgradeCheck = 1250;
				TargetAttributes = {
					306589B7267554B200708E73 = {
						CreatedOnToolsVersion = 12.5;
					};
					306589D22675556400708E73 = {
						CreatedOnToolsVersion = 12.5;
					};
				};
			};
			buildConfigurationList = 306589B3267554B200708E73 /* Build configuration list for PBXProject "Seal" */;
			compatibilityVersion = "Xcode 9.3";
			developmentRegion = en;
			hasScannedForEncodings = 0;
			knownRegions = (
				en,
				Base,
			);
			mainGroup = 306589AF267554B200708E73;
			packageReferences = (
				30B1075D267DAB13002868E3 /* XCRemoteSwiftPackageReference "MessageKit" */,
			);
			productRefGroup = 306589B9267554B200708E73 /* Products */;
			projectDirPath = "";
			projectRoot = "";
			targets = (
				306589B7267554B200708E73 /* Seal */,
				306589D22675556400708E73 /* Keyboard */,
			);
		};
/* End PBXProject section */

/* Begin PBXResourcesBuildPhase section */
		306589B6267554B200708E73 /* Resources */ = {
			isa = PBXResourcesBuildPhase;
			buildActionMask = 2147483647;
			files = (
				30EFC1A7267B27A100EF65E8 /* LICENSE.txt in Resources */,
				306589C8267554B300708E73 /* LaunchScreen.storyboard in Resources */,
				306589C5267554B300708E73 /* Assets.xcassets in Resources */,
				306589C3267554B200708E73 /* Main.storyboard in Resources */,
			);
			runOnlyForDeploymentPostprocessing = 0;
		};
		306589D12675556400708E73 /* Resources */ = {
			isa = PBXResourcesBuildPhase;
			buildActionMask = 2147483647;
			files = (
				30EFC1A8267B27A100EF65E8 /* LICENSE.txt in Resources */,
				30D4DF832676AA1F00CF9DE5 /* Assets.xcassets in Resources */,
			);
			runOnlyForDeploymentPostprocessing = 0;
		};
/* End PBXResourcesBuildPhase section */

/* Begin PBXSourcesBuildPhase section */
		306589B4267554B200708E73 /* Sources */ = {
			isa = PBXSourcesBuildPhase;
			buildActionMask = 2147483647;
			files = (
				30C78EAD26967705008925A4 /* Seal.xcdatamodeld in Sources */,
				30EB1ED026C4A4090091040F /* NameChangeViewController.swift in Sources */,
				30E690B926BCD7DA00C6F123 /* ClearMessagesPopoverViewController.swift in Sources */,
				306589C0267554B200708E73 /* ViewController.swift in Sources */,
				306589BC267554B200708E73 /* AppDelegate.swift in Sources */,
				30C78EBC2697A700008925A4 /* MessageKindTransformer.swift in Sources */,
				30C0D6C426796024002433D7 /* Keys.swift in Sources */,
				30C78EB626967E6B008925A4 /* NSMessageSender.swift in Sources */,
				30EFC1A1267B278F00EF65E8 /* SecKeyConvertible.swift in Sources */,
				30E6C2B226A75F4C005126C8 /* Chat+CoreDataClass.swift in Sources */,
				306589BE267554B200708E73 /* SceneDelegate.swift in Sources */,
				304C122126A7612F00977196 /* Message+CoreDataClass.swift in Sources */,
				30C78EB926979C2D008925A4 /* NSMessageKind.swift in Sources */,
				3045FC3B26A8E6A00043502B /* CoreDataContainer.swift in Sources */,
				30EFC19D267B278F00EF65E8 /* GenericPasswordStore.swift in Sources */,
				30DD503626B09D9200B0B16F /* KeyboardViewController.swift in Sources */,
				30DD503226B09D8800B0B16F /* ChatSelectionPopoverViewController.swift in Sources */,
				30EFC19F267B278F00EF65E8 /* GenericPasswordConvertible.swift in Sources */,
				30DD503526B09D9000B0B16F /* TypingViewController.swift in Sources */,
				30DD502326AF948400B0B16F /* SealMessageKind.swift in Sources */,
				30E6C2B426A75F4C005126C8 /* Chat+CoreDataProperties.swift in Sources */,
				30EFC1A3267B278F00EF65E8 /* SecKeyStore.swift in Sources */,
				30DD503926B0A74500B0B16F /* SealMessage.swift in Sources */,
				30DD503426B09D8D00B0B16F /* DetailViewController.swift in Sources */,
				3045FC3926A8E5080043502B /* ChatManager.swift in Sources */,
				30C78EBF2697B6CE008925A4 /* MessageSenderTransformer.swift in Sources */,
				30B72B81269023CE003B4256 /* Seal.swift in Sources */,
				30EFC19B267B278F00EF65E8 /* KeyStoreError.swift in Sources */,
				30DD503126B09D8600B0B16F /* MessageCellLongPressMenuViewController.swift in Sources */,
				304C122326A7612F00977196 /* Message+CoreDataProperties.swift in Sources */,
				30DD503326B09D8B00B0B16F /* ChatViewController.swift in Sources */,
				30DD503C26B0E90800B0B16F /* SealMessageKind+Codable.swift in Sources */,
				30DD503726B09D9E00B0B16F /* KeyboardButton.swift in Sources */,
				30DD503026B09CEC00B0B16F /* Constants.swift in Sources */,
			);
			runOnlyForDeploymentPostprocessing = 0;
		};
		306589CF2675556400708E73 /* Sources */ = {
			isa = PBXSourcesBuildPhase;
			buildActionMask = 2147483647;
			files = (
				3045FC3A26A8E5080043502B /* ChatManager.swift in Sources */,
				30C78EC02697B6CE008925A4 /* MessageSenderTransformer.swift in Sources */,
				30E6C2B326A75F4C005126C8 /* Chat+CoreDataClass.swift in Sources */,
				30C0D6C526796024002433D7 /* Keys.swift in Sources */,
				30B72B80269022AC003B4256 /* Seal.swift in Sources */,
				30C78EAE26967705008925A4 /* Seal.xcdatamodeld in Sources */,
				30DE0158269385610093EC65 /* TypingViewController.swift in Sources */,
				30C78EB726967E6B008925A4 /* NSMessageSender.swift in Sources */,
				30EFC19C267B278F00EF65E8 /* KeyStoreError.swift in Sources */,
				30E23BB126AB99BB006895C7 /* MessageCellLongPressMenuViewController.swift in Sources */,
				307384B726A8D91B00EF1FC1 /* CoreDataContainer.swift in Sources */,
				30EFC1A0267B278F00EF65E8 /* GenericPasswordConvertible.swift in Sources */,
				30EFC19E267B278F00EF65E8 /* GenericPasswordStore.swift in Sources */,
				306589D62675556400708E73 /* KeyboardViewController.swift in Sources */,
				30EFC1A4267B278F00EF65E8 /* SecKeyStore.swift in Sources */,
				304C122426A7612F00977196 /* Message+CoreDataProperties.swift in Sources */,
				30EFC1A2267B278F00EF65E8 /* SecKeyConvertible.swift in Sources */,
				30E2426026A6020100A1D831 /* ChatSelectionPopoverViewController.swift in Sources */,
				30E690B826BCD61D00C6F123 /* ClearMessagesPopoverViewController.swift in Sources */,
				304C122226A7612F00977196 /* Message+CoreDataClass.swift in Sources */,
				30DF7A182687B58400990C1A /* KeyboardButton.swift in Sources */,
				30DD502226AF945D00B0B16F /* SealMessageKind.swift in Sources */,
				30E6C2B526A75F4C005126C8 /* Chat+CoreDataProperties.swift in Sources */,
				30DD503A26B0A74500B0B16F /* SealMessage.swift in Sources */,
				30DE015C2693AD6B0093EC65 /* DetailViewController.swift in Sources */,
				30C78EBD2697A700008925A4 /* MessageKindTransformer.swift in Sources */,
				30DE015A269385750093EC65 /* ChatViewController.swift in Sources */,
				30CDACEE2682C5B2005070D1 /* Constants.swift in Sources */,
				30C78EBA26979C2D008925A4 /* NSMessageKind.swift in Sources */,
				30DD503D26B0E90800B0B16F /* SealMessageKind+Codable.swift in Sources */,
			);
			runOnlyForDeploymentPostprocessing = 0;
		};
/* End PBXSourcesBuildPhase section */

/* Begin PBXTargetDependency section */
		306589D92675556400708E73 /* PBXTargetDependency */ = {
			isa = PBXTargetDependency;
			target = 306589D22675556400708E73 /* Keyboard */;
			targetProxy = 306589D82675556400708E73 /* PBXContainerItemProxy */;
		};
/* End PBXTargetDependency section */

/* Begin PBXVariantGroup section */
		306589C1267554B200708E73 /* Main.storyboard */ = {
			isa = PBXVariantGroup;
			children = (
				306589C2267554B200708E73 /* Base */,
			);
			name = Main.storyboard;
			sourceTree = "<group>";
		};
		306589C6267554B300708E73 /* LaunchScreen.storyboard */ = {
			isa = PBXVariantGroup;
			children = (
				306589C7267554B300708E73 /* Base */,
			);
			name = LaunchScreen.storyboard;
			sourceTree = "<group>";
		};
/* End PBXVariantGroup section */

/* Begin XCBuildConfiguration section */
		306589CA267554B300708E73 /* Debug */ = {
			isa = XCBuildConfiguration;
			buildSettings = {
				ALWAYS_SEARCH_USER_PATHS = NO;
				CLANG_ANALYZER_NONNULL = YES;
				CLANG_ANALYZER_NUMBER_OBJECT_CONVERSION = YES_AGGRESSIVE;
				CLANG_CXX_LANGUAGE_STANDARD = "gnu++14";
				CLANG_CXX_LIBRARY = "libc++";
				CLANG_ENABLE_MODULES = YES;
				CLANG_ENABLE_OBJC_ARC = YES;
				CLANG_ENABLE_OBJC_WEAK = YES;
				CLANG_WARN_BLOCK_CAPTURE_AUTORELEASING = YES;
				CLANG_WARN_BOOL_CONVERSION = YES;
				CLANG_WARN_COMMA = YES;
				CLANG_WARN_CONSTANT_CONVERSION = YES;
				CLANG_WARN_DEPRECATED_OBJC_IMPLEMENTATIONS = YES;
				CLANG_WARN_DIRECT_OBJC_ISA_USAGE = YES_ERROR;
				CLANG_WARN_DOCUMENTATION_COMMENTS = YES;
				CLANG_WARN_EMPTY_BODY = YES;
				CLANG_WARN_ENUM_CONVERSION = YES;
				CLANG_WARN_INFINITE_RECURSION = YES;
				CLANG_WARN_INT_CONVERSION = YES;
				CLANG_WARN_NON_LITERAL_NULL_CONVERSION = YES;
				CLANG_WARN_OBJC_IMPLICIT_RETAIN_SELF = YES;
				CLANG_WARN_OBJC_LITERAL_CONVERSION = YES;
				CLANG_WARN_OBJC_ROOT_CLASS = YES_ERROR;
				CLANG_WARN_QUOTED_INCLUDE_IN_FRAMEWORK_HEADER = YES;
				CLANG_WARN_RANGE_LOOP_ANALYSIS = YES;
				CLANG_WARN_STRICT_PROTOTYPES = YES;
				CLANG_WARN_SUSPICIOUS_MOVE = YES;
				CLANG_WARN_UNGUARDED_AVAILABILITY = YES_AGGRESSIVE;
				CLANG_WARN_UNREACHABLE_CODE = YES;
				CLANG_WARN__DUPLICATE_METHOD_MATCH = YES;
				COPY_PHASE_STRIP = NO;
				DEBUG_INFORMATION_FORMAT = dwarf;
				ENABLE_STRICT_OBJC_MSGSEND = YES;
				ENABLE_TESTABILITY = YES;
				GCC_C_LANGUAGE_STANDARD = gnu11;
				GCC_DYNAMIC_NO_PIC = NO;
				GCC_NO_COMMON_BLOCKS = YES;
				GCC_OPTIMIZATION_LEVEL = 0;
				GCC_PREPROCESSOR_DEFINITIONS = (
					"DEBUG=1",
					"$(inherited)",
				);
				GCC_WARN_64_TO_32_BIT_CONVERSION = YES;
				GCC_WARN_ABOUT_RETURN_TYPE = YES_ERROR;
				GCC_WARN_UNDECLARED_SELECTOR = YES;
				GCC_WARN_UNINITIALIZED_AUTOS = YES_AGGRESSIVE;
				GCC_WARN_UNUSED_FUNCTION = YES;
				GCC_WARN_UNUSED_VARIABLE = YES;
				IPHONEOS_DEPLOYMENT_TARGET = 13.0;
				MTL_ENABLE_DEBUG_INFO = INCLUDE_SOURCE;
				MTL_FAST_MATH = YES;
				ONLY_ACTIVE_ARCH = YES;
				SDKROOT = iphoneos;
				SWIFT_ACTIVE_COMPILATION_CONDITIONS = DEBUG;
				SWIFT_OPTIMIZATION_LEVEL = "-Onone";
				SWIFT_VERSION = 5.0;
			};
			name = Debug;
		};
		306589CB267554B300708E73 /* Release */ = {
			isa = XCBuildConfiguration;
			buildSettings = {
				ALWAYS_SEARCH_USER_PATHS = NO;
				CLANG_ANALYZER_NONNULL = YES;
				CLANG_ANALYZER_NUMBER_OBJECT_CONVERSION = YES_AGGRESSIVE;
				CLANG_CXX_LANGUAGE_STANDARD = "gnu++14";
				CLANG_CXX_LIBRARY = "libc++";
				CLANG_ENABLE_MODULES = YES;
				CLANG_ENABLE_OBJC_ARC = YES;
				CLANG_ENABLE_OBJC_WEAK = YES;
				CLANG_WARN_BLOCK_CAPTURE_AUTORELEASING = YES;
				CLANG_WARN_BOOL_CONVERSION = YES;
				CLANG_WARN_COMMA = YES;
				CLANG_WARN_CONSTANT_CONVERSION = YES;
				CLANG_WARN_DEPRECATED_OBJC_IMPLEMENTATIONS = YES;
				CLANG_WARN_DIRECT_OBJC_ISA_USAGE = YES_ERROR;
				CLANG_WARN_DOCUMENTATION_COMMENTS = YES;
				CLANG_WARN_EMPTY_BODY = YES;
				CLANG_WARN_ENUM_CONVERSION = YES;
				CLANG_WARN_INFINITE_RECURSION = YES;
				CLANG_WARN_INT_CONVERSION = YES;
				CLANG_WARN_NON_LITERAL_NULL_CONVERSION = YES;
				CLANG_WARN_OBJC_IMPLICIT_RETAIN_SELF = YES;
				CLANG_WARN_OBJC_LITERAL_CONVERSION = YES;
				CLANG_WARN_OBJC_ROOT_CLASS = YES_ERROR;
				CLANG_WARN_QUOTED_INCLUDE_IN_FRAMEWORK_HEADER = YES;
				CLANG_WARN_RANGE_LOOP_ANALYSIS = YES;
				CLANG_WARN_STRICT_PROTOTYPES = YES;
				CLANG_WARN_SUSPICIOUS_MOVE = YES;
				CLANG_WARN_UNGUARDED_AVAILABILITY = YES_AGGRESSIVE;
				CLANG_WARN_UNREACHABLE_CODE = YES;
				CLANG_WARN__DUPLICATE_METHOD_MATCH = YES;
				COPY_PHASE_STRIP = NO;
				DEBUG_INFORMATION_FORMAT = "dwarf-with-dsym";
				ENABLE_NS_ASSERTIONS = NO;
				ENABLE_STRICT_OBJC_MSGSEND = YES;
				GCC_C_LANGUAGE_STANDARD = gnu11;
				GCC_NO_COMMON_BLOCKS = YES;
				GCC_WARN_64_TO_32_BIT_CONVERSION = YES;
				GCC_WARN_ABOUT_RETURN_TYPE = YES_ERROR;
				GCC_WARN_UNDECLARED_SELECTOR = YES;
				GCC_WARN_UNINITIALIZED_AUTOS = YES_AGGRESSIVE;
				GCC_WARN_UNUSED_FUNCTION = YES;
				GCC_WARN_UNUSED_VARIABLE = YES;
				IPHONEOS_DEPLOYMENT_TARGET = 13.0;
				MTL_ENABLE_DEBUG_INFO = NO;
				MTL_FAST_MATH = YES;
				SDKROOT = iphoneos;
				SWIFT_COMPILATION_MODE = wholemodule;
				SWIFT_OPTIMIZATION_LEVEL = "-O";
				SWIFT_VERSION = 5.0;
				VALIDATE_PRODUCT = YES;
			};
			name = Release;
		};
		306589CD267554B300708E73 /* Debug */ = {
			isa = XCBuildConfiguration;
			buildSettings = {
				ALWAYS_EMBED_SWIFT_STANDARD_LIBRARIES = YES;
				ASSETCATALOG_COMPILER_APPICON_NAME = AppIcon;
				ASSETCATALOG_COMPILER_GLOBAL_ACCENT_COLOR_NAME = AccentColor;
				CODE_SIGN_STYLE = Automatic;
				DEVELOPMENT_TEAM = U575975HJL;
				FRAMEWORK_SEARCH_PATHS = (
					"$(inherited)",
					"$(PROJECT_DIR)",
				);
				INFOPLIST_FILE = HostApp/Info.plist;
				LD_RUNPATH_SEARCH_PATHS = (
					"$(inherited)",
					"@executable_path/Frameworks",
				);
				PRODUCT_BUNDLE_IDENTIFIER = com.3tz.seal;
				PRODUCT_NAME = "$(TARGET_NAME)";
				SWIFT_VERSION = 5.0;
				TARGETED_DEVICE_FAMILY = 1;
			};
			name = Debug;
		};
		306589CE267554B300708E73 /* Release */ = {
			isa = XCBuildConfiguration;
			buildSettings = {
				ALWAYS_EMBED_SWIFT_STANDARD_LIBRARIES = YES;
				ASSETCATALOG_COMPILER_APPICON_NAME = AppIcon;
				ASSETCATALOG_COMPILER_GLOBAL_ACCENT_COLOR_NAME = AccentColor;
				CODE_SIGN_STYLE = Automatic;
				DEVELOPMENT_TEAM = U575975HJL;
				FRAMEWORK_SEARCH_PATHS = (
					"$(inherited)",
					"$(PROJECT_DIR)",
				);
				INFOPLIST_FILE = HostApp/Info.plist;
				LD_RUNPATH_SEARCH_PATHS = (
					"$(inherited)",
					"@executable_path/Frameworks",
				);
				PRODUCT_BUNDLE_IDENTIFIER = com.3tz.seal;
				PRODUCT_NAME = "$(TARGET_NAME)";
				SWIFT_VERSION = 5.0;
				TARGETED_DEVICE_FAMILY = 1;
			};
			name = Release;
		};
		306589DC2675556400708E73 /* Debug */ = {
			isa = XCBuildConfiguration;
			buildSettings = {
				CODE_SIGN_STYLE = Automatic;
				DEVELOPMENT_TEAM = U575975HJL;
				FRAMEWORK_SEARCH_PATHS = (
					"$(inherited)",
					"$(PROJECT_DIR)",
				);
				INFOPLIST_FILE = Keyboard/Info.plist;
				LD_RUNPATH_SEARCH_PATHS = (
					"$(inherited)",
					"@executable_path/Frameworks",
					"@executable_path/../../Frameworks",
				);
				PRODUCT_BUNDLE_IDENTIFIER = com.3tz.seal.keyboard;
				PRODUCT_NAME = "$(TARGET_NAME)";
				SKIP_INSTALL = YES;
				SWIFT_VERSION = 5.0;
				TARGETED_DEVICE_FAMILY = "1,2";
			};
			name = Debug;
		};
		306589DD2675556400708E73 /* Release */ = {
			isa = XCBuildConfiguration;
			buildSettings = {
				CODE_SIGN_STYLE = Automatic;
				DEVELOPMENT_TEAM = U575975HJL;
				FRAMEWORK_SEARCH_PATHS = (
					"$(inherited)",
					"$(PROJECT_DIR)",
				);
				INFOPLIST_FILE = Keyboard/Info.plist;
				LD_RUNPATH_SEARCH_PATHS = (
					"$(inherited)",
					"@executable_path/Frameworks",
					"@executable_path/../../Frameworks",
				);
				PRODUCT_BUNDLE_IDENTIFIER = com.3tz.seal.keyboard;
				PRODUCT_NAME = "$(TARGET_NAME)";
				SKIP_INSTALL = YES;
				SWIFT_VERSION = 5.0;
				TARGETED_DEVICE_FAMILY = "1,2";
			};
			name = Release;
		};
/* End XCBuildConfiguration section */

/* Begin XCConfigurationList section */
		306589B3267554B200708E73 /* Build configuration list for PBXProject "Seal" */ = {
			isa = XCConfigurationList;
			buildConfigurations = (
				306589CA267554B300708E73 /* Debug */,
				306589CB267554B300708E73 /* Release */,
			);
			defaultConfigurationIsVisible = 0;
			defaultConfigurationName = Release;
		};
		306589CC267554B300708E73 /* Build configuration list for PBXNativeTarget "Seal" */ = {
			isa = XCConfigurationList;
			buildConfigurations = (
				306589CD267554B300708E73 /* Debug */,
				306589CE267554B300708E73 /* Release */,
			);
			defaultConfigurationIsVisible = 0;
			defaultConfigurationName = Release;
		};
		306589DB2675556400708E73 /* Build configuration list for PBXNativeTarget "Keyboard" */ = {
			isa = XCConfigurationList;
			buildConfigurations = (
				306589DC2675556400708E73 /* Debug */,
				306589DD2675556400708E73 /* Release */,
			);
			defaultConfigurationIsVisible = 0;
			defaultConfigurationName = Release;
		};
/* End XCConfigurationList section */

/* Begin XCRemoteSwiftPackageReference section */
		30B1075D267DAB13002868E3 /* XCRemoteSwiftPackageReference "MessageKit" */ = {
			isa = XCRemoteSwiftPackageReference;
			repositoryURL = "https://github.com/MessageKit/MessageKit";
			requirement = {
				kind = exactVersion;
				version = 3.6.1;
			};
		};
/* End XCRemoteSwiftPackageReference section */

/* Begin XCSwiftPackageProductDependency section */
		30B1075E267DAB13002868E3 /* MessageKit */ = {
			isa = XCSwiftPackageProductDependency;
			package = 30B1075D267DAB13002868E3 /* XCRemoteSwiftPackageReference "MessageKit" */;
			productName = MessageKit;
		};
		30E14777269174B600004D61 /* MessageKit */ = {
			isa = XCSwiftPackageProductDependency;
			package = 30B1075D267DAB13002868E3 /* XCRemoteSwiftPackageReference "MessageKit" */;
			productName = MessageKit;
		};
/* End XCSwiftPackageProductDependency section */

/* Begin XCVersionGroup section */
		30C78EAB26967705008925A4 /* Seal.xcdatamodeld */ = {
			isa = XCVersionGroup;
			children = (
				30C78EAC26967705008925A4 /* Seal.xcdatamodel */,
			);
			currentVersion = 30C78EAC26967705008925A4 /* Seal.xcdatamodel */;
			path = Seal.xcdatamodeld;
			sourceTree = "<group>";
			versionGroupType = wrapper.xcdatamodel;
		};
/* End XCVersionGroup section */
	};
	rootObject = 306589B0267554B200708E73 /* Project object */;
}
